
Microsoft Visual Studio Solution File, Format Version 12.00
# Visual Studio 2015
Project("{FAE04EC0-301F-11D3-BF4B-00C04F79EFBC}") = "MedicamentPredicament", "MedicamentPredicament.csproj", "{0275745A-8FB5-CA2F-C407-16222E8BC0A0}"
EndProject
Global
	GlobalSection(SolutionConfigurationPlatforms) = preSolution
		Debug|Any CPU = Debug|Any CPU
		Release|Any CPU = Release|Any CPU
	EndGlobalSection
	GlobalSection(ProjectConfigurationPlatforms) = postSolution
		{0275745A-8FB5-CA2F-C407-16222E8BC0A0}.Debug|Any CPU.ActiveCfg = Debug|Any CPU
		{0275745A-8FB5-CA2F-C407-16222E8BC0A0}.Debug|Any CPU.Build.0 = Debug|Any CPU
		{0275745A-8FB5-CA2F-C407-16222E8BC0A0}.Release|Any CPU.ActiveCfg = Release|Any CPU
		{0275745A-8FB5-CA2F-C407-16222E8BC0A0}.Release|Any CPU.Build.0 = Release|Any CPU
	EndGlobalSection
	GlobalSection(SolutionProperties) = preSolution
		HideSolutionNode = FALSE
	EndGlobalSection
EndGlobal
